# THIS IS AN AUTOGENERATED FILE. DO NOT EDIT THIS FILE DIRECTLY.
# yarn lockfile v1


require-dir@^1.2.0:
  version "1.2.0"
  resolved "https://registry.yarnpkg.com/require-dir/-/require-dir-1.2.0.tgz#0d443b75e96012d3ca749cf19f529a789ae74817"
  integrity sha512-LY85DTSu+heYgDqq/mK+7zFHWkttVNRXC9NKcKGyuGLdlsfbjEPrIEYdCVrx6hqnJb+xSu3Lzaoo8VnmOhhjNA==
